
Microsoft Visual Studio Solution File, Format Version 12.00
# Visual Studio 15
VisualStudioVersion = 15.0.28010.2003
MinimumVisualStudioVersion = 10.0.40219.1
Project("{8BC9CEB8-8B4A-11D0-8D11-00A0C91BC942}") = "AKSKC1", "AKSKC1\AKSKC1.vcxproj", "{3CB70576-FFD0-490F-A20B-E49C5A6F4727}"
EndProject
Global
	GlobalSection(SolutionConfigurationPlatforms) = preSolution
		Debug|x64 = Debug|x64
		Debug|x86 = Debug|x86
		Release|x64 = Release|x64
		Release|x86 = Release|x86
	EndGlobalSection
	GlobalSection(ProjectConfigurationPlatforms) = postSolution
		{3CB70576-FFD0-490F-A20B-E49C5A6F4727}.Debug|x64.ActiveCfg = Debug|x64
		{3CB70576-FFD0-490F-A20B-E49C5A6F4727}.Debug|x64.Build.0 = Debug|x64
		{3CB70576-FFD0-490F-A20B-E49C5A6F4727}.Debug|x86.ActiveCfg = Debug|Win32
		{3CB70576-FFD0-490F-A20B-E49C5A6F4727}.Debug|x86.Build.0 = Debug|Win32
		{3CB70576-FFD0-490F-A20B-E49C5A6F4727}.Release|x64.ActiveCfg = Release|x64
		{3CB70576-FFD0-490F-A20B-E49C5A6F4727}.Release|x64.Build.0 = Release|x64
		{3CB70576-FFD0-490F-A20B-E49C5A6F4727}.Release|x86.ActiveCfg = Release|Win32
		{3CB70576-FFD0-490F-A20B-E49C5A6F4727}.Release|x86.Build.0 = Release|Win32
	EndGlobalSection
	GlobalSection(SolutionProperties) = preSolution
		HideSolutionNode = FALSE
	EndGlobalSection
	GlobalSection(ExtensibilityGlobals) = postSolution
		SolutionGuid = {95B24F77-2E1B-4262-85D9-51DE018EE9E3}
	EndGlobalSection
EndGlobal
